
Microsoft Visual Studio Solution File, Format Version 12.00
# Visual Studio Version 16
VisualStudioVersion = 16.0.33027.164
MinimumVisualStudioVersion = 10.0.40219.1
Project("{8BC9CEB8-8B4A-11D0-8D11-00A0C91BC942}") = "talking_with_the_user_mode", "talking_with_the_user_mode.vcxproj", "{B0903415-7FB1-41D3-B337-39C55A1DE183}"
EndProject
Project("{8BC9CEB8-8B4A-11D0-8D11-00A0C91BC942}") = "usermode_part", "..\usermode_part\usermode_part.vcxproj", "{EC6EF541-DECF-4CAA-AF2C-042AAF9F3DD9}"
EndProject
Global
	GlobalSection(SolutionConfigurationPlatforms) = preSolution
		Debug|ARM = Debug|ARM
		Debug|ARM64 = Debug|ARM64
		Debug|x64 = Debug|x64
		Debug|x86 = Debug|x86
		Release|ARM = Release|ARM
		Release|ARM64 = Release|ARM64
		Release|x64 = Release|x64
		Release|x86 = Release|x86
	EndGlobalSection
	GlobalSection(ProjectConfigurationPlatforms) = postSolution
		{B0903415-7FB1-41D3-B337-39C55A1DE183}.Debug|ARM.ActiveCfg = Debug|ARM
		{B0903415-7FB1-41D3-B337-39C55A1DE183}.Debug|ARM.Build.0 = Debug|ARM
		{B0903415-7FB1-41D3-B337-39C55A1DE183}.Debug|ARM.Deploy.0 = Debug|ARM
		{B0903415-7FB1-41D3-B337-39C55A1DE183}.Debug|ARM64.ActiveCfg = Debug|ARM64
		{B0903415-7FB1-41D3-B337-39C55A1DE183}.Debug|ARM64.Build.0 = Debug|ARM64
		{B0903415-7FB1-41D3-B337-39C55A1DE183}.Debug|ARM64.Deploy.0 = Debug|ARM64
		{B0903415-7FB1-41D3-B337-39C55A1DE183}.Debug|x64.ActiveCfg = Debug|x64
		{B0903415-7FB1-41D3-B337-39C55A1DE183}.Debug|x64.Build.0 = Debug|x64
		{B0903415-7FB1-41D3-B337-39C55A1DE183}.Debug|x64.Deploy.0 = Debug|x64
		{B0903415-7FB1-41D3-B337-39C55A1DE183}.Debug|x86.ActiveCfg = Debug|x64
		{B0903415-7FB1-41D3-B337-39C55A1DE183}.Debug|x86.Build.0 = Debug|x64
		{B0903415-7FB1-41D3-B337-39C55A1DE183}.Debug|x86.Deploy.0 = Debug|x64
		{B0903415-7FB1-41D3-B337-39C55A1DE183}.Release|ARM.ActiveCfg = Release|ARM
		{B0903415-7FB1-41D3-B337-39C55A1DE183}.Release|ARM.Build.0 = Release|ARM
		{B0903415-7FB1-41D3-B337-39C55A1DE183}.Release|ARM.Deploy.0 = Release|ARM
		{B0903415-7FB1-41D3-B337-39C55A1DE183}.Release|ARM64.ActiveCfg = Release|ARM64
		{B0903415-7FB1-41D3-B337-39C55A1DE183}.Release|ARM64.Build.0 = Release|ARM64
		{B0903415-7FB1-41D3-B337-39C55A1DE183}.Release|ARM64.Deploy.0 = Release|ARM64
		{B0903415-7FB1-41D3-B337-39C55A1DE183}.Release|x64.ActiveCfg = Release|x64
		{B0903415-7FB1-41D3-B337-39C55A1DE183}.Release|x64.Build.0 = Release|x64
		{B0903415-7FB1-41D3-B337-39C55A1DE183}.Release|x64.Deploy.0 = Release|x64
		{B0903415-7FB1-41D3-B337-39C55A1DE183}.Release|x86.ActiveCfg = Release|Win32
		{B0903415-7FB1-41D3-B337-39C55A1DE183}.Release|x86.Build.0 = Release|Win32
		{B0903415-7FB1-41D3-B337-39C55A1DE183}.Release|x86.Deploy.0 = Release|Win32
		{EC6EF541-DECF-4CAA-AF2C-042AAF9F3DD9}.Debug|ARM.ActiveCfg = Debug|Win32
		{EC6EF541-DECF-4CAA-AF2C-042AAF9F3DD9}.Debug|ARM64.ActiveCfg = Debug|Win32
		{EC6EF541-DECF-4CAA-AF2C-042AAF9F3DD9}.Debug|x64.ActiveCfg = Debug|x64
		{EC6EF541-DECF-4CAA-AF2C-042AAF9F3DD9}.Debug|x64.Build.0 = Debug|x64
		{EC6EF541-DECF-4CAA-AF2C-042AAF9F3DD9}.Debug|x86.ActiveCfg = Debug|Win32
		{EC6EF541-DECF-4CAA-AF2C-042AAF9F3DD9}.Debug|x86.Build.0 = Debug|Win32
		{EC6EF541-DECF-4CAA-AF2C-042AAF9F3DD9}.Release|ARM.ActiveCfg = Release|Win32
		{EC6EF541-DECF-4CAA-AF2C-042AAF9F3DD9}.Release|ARM64.ActiveCfg = Release|Win32
		{EC6EF541-DECF-4CAA-AF2C-042AAF9F3DD9}.Release|x64.ActiveCfg = Release|x64
		{EC6EF541-DECF-4CAA-AF2C-042AAF9F3DD9}.Release|x64.Build.0 = Release|x64
		{EC6EF541-DECF-4CAA-AF2C-042AAF9F3DD9}.Release|x86.ActiveCfg = Release|Win32
		{EC6EF541-DECF-4CAA-AF2C-042AAF9F3DD9}.Release|x86.Build.0 = Release|Win32
	EndGlobalSection
	GlobalSection(SolutionProperties) = preSolution
		HideSolutionNode = FALSE
	EndGlobalSection
	GlobalSection(ExtensibilityGlobals) = postSolution
		SolutionGuid = {F9C7D1E7-84F4-4841-B131-E70CE25C24D2}
	EndGlobalSection
EndGlobal
